
Microsoft Visual Studio Solution File, Format Version 12.00
# Visual Studio Version 17
VisualStudioVersion = 17.14.36301.6
MinimumVisualStudioVersion = 10.0.40219.1
Project("{FAE04EC0-301F-11D3-BF4B-00C04F79EFBC}") = "SceneSplit.Api", "SceneSplit.Api\SceneSplit.Api.csproj", "{91D0BD0B-D721-459B-852C-FD9BDCE419E1}"
EndProject
Project("{2150E333-8FDC-42A3-9474-1A3956D46DE8}") = "SolutionItems", "SolutionItems", "{02EA681E-C7D8-13C7-8484-4AC65E1B71E8}"
	ProjectSection(SolutionItems) = preProject
		..\..\.dockerignore = ..\..\.dockerignore
		..\..\.editorconfig = ..\..\.editorconfig
		..\..\coverage.runsettings = ..\..\coverage.runsettings
		..\..\Directory.Build.props = ..\..\Directory.Build.props
		..\..\Directory.Packages.props = ..\..\Directory.Packages.props
	EndProjectSection
EndProject
Project("{2150E333-8FDC-42A3-9474-1A3956D46DE8}") = "src", "src", "{F9804709-4F1A-4666-A5F8-FE762AFAFA81}"
EndProject
Project("{2150E333-8FDC-42A3-9474-1A3956D46DE8}") = "tests", "tests", "{7F61A0FA-A587-461E-8628-DE342A9B8F57}"
EndProject
Project("{2150E333-8FDC-42A3-9474-1A3956D46DE8}") = "infra", "infra", "{43DEF0D9-7BB2-4B14-901D-8420EB987CDB}"
EndProject
Project("{FAE04EC0-301F-11D3-BF4B-00C04F79EFBC}") = "SceneSplit.Configuration", "SceneSplit.Configuration\SceneSplit.Configuration.csproj", "{26747F50-0247-41DA-A795-AF3EE9D5864A}"
EndProject
Project("{2150E333-8FDC-42A3-9474-1A3956D46DE8}") = "UnitTests", "UnitTests", "{FCA762AF-9535-4BFF-B0F2-A0A1F5A3C76F}"
EndProject
Project("{FAE04EC0-301F-11D3-BF4B-00C04F79EFBC}") = "SceneSplit.Api.UnitTests", "..\..\tests\SceneSplit.Api.UnitTests\SceneSplit.Api.UnitTests.csproj", "{4EE439E7-5C55-4479-36B0-A699B6F1A215}"
EndProject
Project("{FAE04EC0-301F-11D3-BF4B-00C04F79EFBC}") = "SceneSplit.TestShared", "..\..\tests\SceneSplit.TestShared\SceneSplit.TestShared.csproj", "{38281AC1-ABCA-43B5-9529-10A61F55E13E}"
EndProject
Project("{FAE04EC0-301F-11D3-BF4B-00C04F79EFBC}") = "SceneSplit.Cdk", "..\..\infra\SceneSplit.Cdk\SceneSplit.Cdk.csproj", "{5D9ABD48-5FA8-0CE7-5B82-3A1C0E4E1C0A}"
EndProject
Project("{2150E333-8FDC-42A3-9474-1A3956D46DE8}") = "Dockerfiles", "Dockerfiles", "{F1459744-52F8-4C48-9C54-A26AF724FF04}"
	ProjectSection(SolutionItems) = preProject
		ApiDockerfile = ApiDockerfile
		CompressionApiDockerfile = CompressionApiDockerfile
	EndProjectSection
EndProject
Project("{FAE04EC0-301F-11D3-BF4B-00C04F79EFBC}") = "SceneSplit.ImageCompression.Api", "SceneSplit.ImageCompression.Api\SceneSplit.ImageCompression.Api.csproj", "{24EC6427-7084-8502-45BD-C2F0E5158FCF}"
EndProject
Project("{FAE04EC0-301F-11D3-BF4B-00C04F79EFBC}") = "SceneSplit.ImageCompression.Sdk", "SceneSplit.ImageCompression.Sdk\SceneSplit.ImageCompression.Sdk.csproj", "{8398C54C-A61E-DB30-2891-52F533697FB9}"
EndProject
Project("{FAE04EC0-301F-11D3-BF4B-00C04F79EFBC}") = "SceneSplit.ImageCompression.Api.UnitTests", "..\..\tests\SceneSplit.ImageCompression.Api.UnitTests\SceneSplit.ImageCompression.Api.UnitTests.csproj", "{113C1324-6691-4689-8D1A-947F5AFC41AE}"
EndProject
Project("{FAE04EC0-301F-11D3-BF4B-00C04F79EFBC}") = "SceneSplit.Lambdas.Package", "..\..\infra\SceneSplit.Lambdas.Package\SceneSplit.Lambdas.Package.csproj", "{BD7B98A9-A5B8-F409-C19A-AD3581EF311E}"
EndProject
Project("{FAE04EC0-301F-11D3-BF4B-00C04F79EFBC}") = "SceneSplit.GrpcClientShared", "SceneSplit.GrpcClientShared\SceneSplit.GrpcClientShared.csproj", "{712727C6-373A-6678-3B25-20C8AFC9DEAC}"
EndProject
Project("{FAE04EC0-301F-11D3-BF4B-00C04F79EFBC}") = "SceneSplit.GrpcClientShared.UnitTests", "..\..\tests\SceneSplit.GrpcClientShared.UnitTests\SceneSplit.GrpcClientShared.UnitTests.csproj", "{A2C611D5-626F-F400-79E9-9DEA32C430F9}"
EndProject
Global
	GlobalSection(SolutionConfigurationPlatforms) = preSolution
		Debug|Any CPU = Debug|Any CPU
		Release|Any CPU = Release|Any CPU
	EndGlobalSection
	GlobalSection(ProjectConfigurationPlatforms) = postSolution
		{91D0BD0B-D721-459B-852C-FD9BDCE419E1}.Debug|Any CPU.ActiveCfg = Debug|Any CPU
		{91D0BD0B-D721-459B-852C-FD9BDCE419E1}.Debug|Any CPU.Build.0 = Debug|Any CPU
		{91D0BD0B-D721-459B-852C-FD9BDCE419E1}.Release|Any CPU.ActiveCfg = Release|Any CPU
		{91D0BD0B-D721-459B-852C-FD9BDCE419E1}.Release|Any CPU.Build.0 = Release|Any CPU
		{26747F50-0247-41DA-A795-AF3EE9D5864A}.Debug|Any CPU.ActiveCfg = Debug|Any CPU
		{26747F50-0247-41DA-A795-AF3EE9D5864A}.Debug|Any CPU.Build.0 = Debug|Any CPU
		{26747F50-0247-41DA-A795-AF3EE9D5864A}.Release|Any CPU.ActiveCfg = Release|Any CPU
		{26747F50-0247-41DA-A795-AF3EE9D5864A}.Release|Any CPU.Build.0 = Release|Any CPU
		{4EE439E7-5C55-4479-36B0-A699B6F1A215}.Debug|Any CPU.ActiveCfg = Debug|Any CPU
		{4EE439E7-5C55-4479-36B0-A699B6F1A215}.Debug|Any CPU.Build.0 = Debug|Any CPU
		{4EE439E7-5C55-4479-36B0-A699B6F1A215}.Release|Any CPU.ActiveCfg = Release|Any CPU
		{4EE439E7-5C55-4479-36B0-A699B6F1A215}.Release|Any CPU.Build.0 = Release|Any CPU
		{38281AC1-ABCA-43B5-9529-10A61F55E13E}.Debug|Any CPU.ActiveCfg = Debug|Any CPU
		{38281AC1-ABCA-43B5-9529-10A61F55E13E}.Debug|Any CPU.Build.0 = Debug|Any CPU
		{38281AC1-ABCA-43B5-9529-10A61F55E13E}.Release|Any CPU.ActiveCfg = Release|Any CPU
		{38281AC1-ABCA-43B5-9529-10A61F55E13E}.Release|Any CPU.Build.0 = Release|Any CPU
		{5D9ABD48-5FA8-0CE7-5B82-3A1C0E4E1C0A}.Debug|Any CPU.ActiveCfg = Debug|Any CPU
		{5D9ABD48-5FA8-0CE7-5B82-3A1C0E4E1C0A}.Debug|Any CPU.Build.0 = Debug|Any CPU
		{5D9ABD48-5FA8-0CE7-5B82-3A1C0E4E1C0A}.Release|Any CPU.ActiveCfg = Release|Any CPU
		{5D9ABD48-5FA8-0CE7-5B82-3A1C0E4E1C0A}.Release|Any CPU.Build.0 = Release|Any CPU
		{24EC6427-7084-8502-45BD-C2F0E5158FCF}.Debug|Any CPU.ActiveCfg = Debug|Any CPU
		{24EC6427-7084-8502-45BD-C2F0E5158FCF}.Debug|Any CPU.Build.0 = Debug|Any CPU
		{24EC6427-7084-8502-45BD-C2F0E5158FCF}.Release|Any CPU.ActiveCfg = Release|Any CPU
		{24EC6427-7084-8502-45BD-C2F0E5158FCF}.Release|Any CPU.Build.0 = Release|Any CPU
		{8398C54C-A61E-DB30-2891-52F533697FB9}.Debug|Any CPU.ActiveCfg = Debug|Any CPU
		{8398C54C-A61E-DB30-2891-52F533697FB9}.Debug|Any CPU.Build.0 = Debug|Any CPU
		{8398C54C-A61E-DB30-2891-52F533697FB9}.Release|Any CPU.ActiveCfg = Release|Any CPU
		{8398C54C-A61E-DB30-2891-52F533697FB9}.Release|Any CPU.Build.0 = Release|Any CPU
		{113C1324-6691-4689-8D1A-947F5AFC41AE}.Debug|Any CPU.ActiveCfg = Debug|Any CPU
		{113C1324-6691-4689-8D1A-947F5AFC41AE}.Debug|Any CPU.Build.0 = Debug|Any CPU
		{113C1324-6691-4689-8D1A-947F5AFC41AE}.Release|Any CPU.ActiveCfg = Release|Any CPU
		{113C1324-6691-4689-8D1A-947F5AFC41AE}.Release|Any CPU.Build.0 = Release|Any CPU
		{BD7B98A9-A5B8-F409-C19A-AD3581EF311E}.Debug|Any CPU.ActiveCfg = Debug|Any CPU
		{BD7B98A9-A5B8-F409-C19A-AD3581EF311E}.Debug|Any CPU.Build.0 = Debug|Any CPU
		{BD7B98A9-A5B8-F409-C19A-AD3581EF311E}.Release|Any CPU.ActiveCfg = Release|Any CPU
		{BD7B98A9-A5B8-F409-C19A-AD3581EF311E}.Release|Any CPU.Build.0 = Release|Any CPU
		{712727C6-373A-6678-3B25-20C8AFC9DEAC}.Debug|Any CPU.ActiveCfg = Debug|Any CPU
		{712727C6-373A-6678-3B25-20C8AFC9DEAC}.Debug|Any CPU.Build.0 = Debug|Any CPU
		{712727C6-373A-6678-3B25-20C8AFC9DEAC}.Release|Any CPU.ActiveCfg = Release|Any CPU
		{712727C6-373A-6678-3B25-20C8AFC9DEAC}.Release|Any CPU.Build.0 = Release|Any CPU
		{A2C611D5-626F-F400-79E9-9DEA32C430F9}.Debug|Any CPU.ActiveCfg = Debug|Any CPU
		{A2C611D5-626F-F400-79E9-9DEA32C430F9}.Debug|Any CPU.Build.0 = Debug|Any CPU
		{A2C611D5-626F-F400-79E9-9DEA32C430F9}.Release|Any CPU.ActiveCfg = Release|Any CPU
		{A2C611D5-626F-F400-79E9-9DEA32C430F9}.Release|Any CPU.Build.0 = Release|Any CPU
	EndGlobalSection
	GlobalSection(SolutionProperties) = preSolution
		HideSolutionNode = FALSE
	EndGlobalSection
	GlobalSection(NestedProjects) = preSolution
		{91D0BD0B-D721-459B-852C-FD9BDCE419E1} = {F9804709-4F1A-4666-A5F8-FE762AFAFA81}
		{26747F50-0247-41DA-A795-AF3EE9D5864A} = {F9804709-4F1A-4666-A5F8-FE762AFAFA81}
		{FCA762AF-9535-4BFF-B0F2-A0A1F5A3C76F} = {7F61A0FA-A587-461E-8628-DE342A9B8F57}
		{4EE439E7-5C55-4479-36B0-A699B6F1A215} = {FCA762AF-9535-4BFF-B0F2-A0A1F5A3C76F}
		{38281AC1-ABCA-43B5-9529-10A61F55E13E} = {7F61A0FA-A587-461E-8628-DE342A9B8F57}
		{5D9ABD48-5FA8-0CE7-5B82-3A1C0E4E1C0A} = {43DEF0D9-7BB2-4B14-901D-8420EB987CDB}
		{F1459744-52F8-4C48-9C54-A26AF724FF04} = {02EA681E-C7D8-13C7-8484-4AC65E1B71E8}
		{24EC6427-7084-8502-45BD-C2F0E5158FCF} = {F9804709-4F1A-4666-A5F8-FE762AFAFA81}
		{8398C54C-A61E-DB30-2891-52F533697FB9} = {F9804709-4F1A-4666-A5F8-FE762AFAFA81}
		{113C1324-6691-4689-8D1A-947F5AFC41AE} = {FCA762AF-9535-4BFF-B0F2-A0A1F5A3C76F}
		{BD7B98A9-A5B8-F409-C19A-AD3581EF311E} = {43DEF0D9-7BB2-4B14-901D-8420EB987CDB}
		{712727C6-373A-6678-3B25-20C8AFC9DEAC} = {F9804709-4F1A-4666-A5F8-FE762AFAFA81}
		{A2C611D5-626F-F400-79E9-9DEA32C430F9} = {FCA762AF-9535-4BFF-B0F2-A0A1F5A3C76F}
	EndGlobalSection
	GlobalSection(ExtensibilityGlobals) = postSolution
		SolutionGuid = {EEF3F48B-173E-4436-9539-B95BA6E6C5EA}
	EndGlobalSection
EndGlobal
