
Microsoft Visual Studio Solution File, Format Version 12.00
# Visual Studio Version 17
VisualStudioVersion = 17.14.36301.6
MinimumVisualStudioVersion = 10.0.40219.1
Project("{FAE04EC0-301F-11D3-BF4B-00C04F79EFBC}") = "SceneSplit.Api", "SceneSplit.Api\SceneSplit.Api.csproj", "{91D0BD0B-D721-459B-852C-FD9BDCE419E1}"
EndProject
Project("{2150E333-8FDC-42A3-9474-1A3956D46DE8}") = "SolutionItems", "SolutionItems", "{02EA681E-C7D8-13C7-8484-4AC65E1B71E8}"
	ProjectSection(SolutionItems) = preProject
		..\..\.dockerignore = ..\..\.dockerignore
		..\..\.editorconfig = ..\..\.editorconfig
		..\..\coverage.runsettings = ..\..\coverage.runsettings
		..\..\Directory.Build.props = ..\..\Directory.Build.props
		..\..\Directory.Packages.props = ..\..\Directory.Packages.props
	EndProjectSection
EndProject
Project("{2150E333-8FDC-42A3-9474-1A3956D46DE8}") = "src", "src", "{F9804709-4F1A-4666-A5F8-FE762AFAFA81}"
EndProject
Project("{2150E333-8FDC-42A3-9474-1A3956D46DE8}") = "tests", "tests", "{7F61A0FA-A587-461E-8628-DE342A9B8F57}"
EndProject
Project("{2150E333-8FDC-42A3-9474-1A3956D46DE8}") = "infra", "infra", "{43DEF0D9-7BB2-4B14-901D-8420EB987CDB}"
EndProject
Project("{FAE04EC0-301F-11D3-BF4B-00C04F79EFBC}") = "SceneSplit.Configuration", "SceneSplit.Configuration\SceneSplit.Configuration.csproj", "{26747F50-0247-41DA-A795-AF3EE9D5864A}"
EndProject
Project("{2150E333-8FDC-42A3-9474-1A3956D46DE8}") = "UnitTests", "UnitTests", "{FCA762AF-9535-4BFF-B0F2-A0A1F5A3C76F}"
EndProject
Project("{FAE04EC0-301F-11D3-BF4B-00C04F79EFBC}") = "SceneSplit.Api.UnitTests", "..\..\tests\SceneSplit.Api.UnitTests\SceneSplit.Api.UnitTests.csproj", "{4EE439E7-5C55-4479-36B0-A699B6F1A215}"
EndProject
Project("{FAE04EC0-301F-11D3-BF4B-00C04F79EFBC}") = "SceneSplit.TestShared", "..\..\tests\SceneSplit.TestShared\SceneSplit.TestShared.csproj", "{38281AC1-ABCA-43B5-9529-10A61F55E13E}"
EndProject
Project("{FAE04EC0-301F-11D3-BF4B-00C04F79EFBC}") = "SceneSplit.Cdk", "..\..\infra\SceneSplit.Cdk\SceneSplit.Cdk.csproj", "{5D9ABD48-5FA8-0CE7-5B82-3A1C0E4E1C0A}"
EndProject
Project("{2150E333-8FDC-42A3-9474-1A3956D46DE8}") = "Dockerfiles", "Dockerfiles", "{F1459744-52F8-4C48-9C54-A26AF724FF04}"
	ProjectSection(SolutionItems) = preProject
		ApiDockerfile = ApiDockerfile
		CompressionApiDockerfile = CompressionApiDockerfile
	EndProjectSection
EndProject
Project("{FAE04EC0-301F-11D3-BF4B-00C04F79EFBC}") = "SceneSplit.ImageCompression.Api", "SceneSplit.ImageCompression.Api\SceneSplit.ImageCompression.Api.csproj", "{24EC6427-7084-8502-45BD-C2F0E5158FCF}"
EndProject
Project("{FAE04EC0-301F-11D3-BF4B-00C04F79EFBC}") = "SceneSplit.ImageCompression.Sdk", "SceneSplit.ImageCompression.Sdk\SceneSplit.ImageCompression.Sdk.csproj", "{8398C54C-A61E-DB30-2891-52F533697FB9}"
EndProject
Project("{FAE04EC0-301F-11D3-BF4B-00C04F79EFBC}") = "SceneSplit.ImageCompression.Api.UnitTests", "..\..\tests\SceneSplit.ImageCompression.Api.UnitTests\SceneSplit.ImageCompression.Api.UnitTests.csproj", "{113C1324-6691-4689-8D1A-947F5AFC41AE}"
EndProject
Project("{FAE04EC0-301F-11D3-BF4B-00C04F79EFBC}") = "SceneSplit.Lambdas.Package", "..\..\infra\SceneSplit.Lambdas.Package\SceneSplit.Lambdas.Package.csproj", "{BD7B98A9-A5B8-F409-C19A-AD3581EF311E}"
EndProject
Project("{FAE04EC0-301F-11D3-BF4B-00C04F79EFBC}") = "SceneSplit.GrpcClientShared", "SceneSplit.GrpcClientShared\SceneSplit.GrpcClientShared.csproj", "{712727C6-373A-6678-3B25-20C8AFC9DEAC}"
EndProject
Project("{FAE04EC0-301F-11D3-BF4B-00C04F79EFBC}") = "SceneSplit.GrpcClientShared.UnitTests", "..\..\tests\SceneSplit.GrpcClientShared.UnitTests\SceneSplit.GrpcClientShared.UnitTests.csproj", "{A2C611D5-626F-F400-79E9-9DEA32C430F9}"
EndProject
Project("{2150E333-8FDC-42A3-9474-1A3956D46DE8}") = "Sdk", "Sdk", "{274F06C6-1FCE-4140-A78E-8AD987AFD639}"
EndProject
Project("{2150E333-8FDC-42A3-9474-1A3956D46DE8}") = "Shared", "Shared", "{A4538C4A-5DF3-4B30-B1A8-1AE424B81A0D}"
EndProject
Project("{FAE04EC0-301F-11D3-BF4B-00C04F79EFBC}") = "SceneSplit.SceneAnalysisLambda.Sdk", "SceneSplit.SceneAnalysisLambda.Sdk\SceneSplit.SceneAnalysisLambda.Sdk.csproj", "{ACE60021-7804-4EA7-BE46-91C4CE491F9D}"
EndProject
Project("{FAE04EC0-301F-11D3-BF4B-00C04F79EFBC}") = "SceneSplit.SceneAnalysisLambda.UnitTests", "..\..\tests\SceneSplit.SceneAnalysisLambda.UnitTests\SceneSplit.SceneAnalysisLambda.UnitTests.csproj", "{864872AF-967A-444B-BA44-FB15F9962E73}"
EndProject
Project("{FAE04EC0-301F-11D3-BF4B-00C04F79EFBC}") = "SceneSplit.SceneAnalysisLambda", "SceneSplit.SceneAnalysisLambda\SceneSplit.SceneAnalysisLambda.csproj", "{46F4CC6B-836F-68FF-A0D1-7F5DC2838876}"
EndProject
Project("{FAE04EC0-301F-11D3-BF4B-00C04F79EFBC}") = "SceneSplit.ObjectImageSearchLambda", "SceneSplit.ObjectImageSearchLambda\SceneSplit.ObjectImageSearchLambda.csproj", "{11CBD9A1-55EE-4B84-A8A2-AF7E3AE675CF}"
EndProject
Project("{FAE04EC0-301F-11D3-BF4B-00C04F79EFBC}") = "SceneSplit.ObjectImageSearchLambda.UnitTests", "..\..\tests\SceneSplit.ObjectImageSearchLambda.UnitTests\SceneSplit.ObjectImageSearchLambda.UnitTests.csproj", "{DF98EDD4-B597-41D8-A4D6-16658D2B66CC}"
EndProject
Project("{FAE04EC0-301F-11D3-BF4B-00C04F79EFBC}") = "SceneSplit.ObjectImageCleanerLambda", "SceneSplit.ObjectImageCleanerLambda\SceneSplit.ObjectImageCleanerLambda.csproj", "{5263E201-941C-48F5-985D-702526A9242A}"
EndProject
Project("{FAE04EC0-301F-11D3-BF4B-00C04F79EFBC}") = "SceneSplit.ObjectImageCleanerLambda.UnitTests", "..\..\tests\SceneSplit.ObjectImageCleanerLambda.UnitTests\SceneSplit.ObjectImageCleanerLambda.UnitTests.csproj", "{EBEB5120-3E95-4B4F-9677-40FFC190A373}"
EndProject
Project("{FAE04EC0-301F-11D3-BF4B-00C04F79EFBC}") = "SceneSplit.Backend.AppHost", "SceneSplit.Backend.AppHost\SceneSplit.Backend.AppHost.csproj", "{A4E94157-B1EF-4DE4-927A-5A76E96C706E}"
EndProject
Project("{FAE04EC0-301F-11D3-BF4B-00C04F79EFBC}") = "SceneSplit.Backend.ServiceDefaults", "SceneSplit.Backend.ServiceDefaults\SceneSplit.Backend.ServiceDefaults.csproj", "{A58E8698-E1BE-37A5-7F6A-DE634FA921F6}"
EndProject
Project("{2150E333-8FDC-42A3-9474-1A3956D46DE8}") = "Aspire", "Aspire", "{47544605-0131-4F0F-ACDE-846F025EFF16}"
EndProject
Project("{FAE04EC0-301F-11D3-BF4B-00C04F79EFBC}") = "SceneSplit.LambdaShared", "SceneSplit.LambdaShared\SceneSplit.LambdaShared.csproj", "{007BFDB4-8302-452D-B9F3-58CD9D1D5BF0}"
EndProject
Project("{FAE04EC0-301F-11D3-BF4B-00C04F79EFBC}") = "SceneSplit.Observability", "SceneSplit.Observability\SceneSplit.Observability.csproj", "{032D0D8D-C984-43FA-99E3-1150B6F11E9B}"
EndProject
Global
	GlobalSection(SolutionConfigurationPlatforms) = preSolution
		Debug|Any CPU = Debug|Any CPU
		Release|Any CPU = Release|Any CPU
	EndGlobalSection
	GlobalSection(ProjectConfigurationPlatforms) = postSolution
		{91D0BD0B-D721-459B-852C-FD9BDCE419E1}.Debug|Any CPU.ActiveCfg = Debug|Any CPU
		{91D0BD0B-D721-459B-852C-FD9BDCE419E1}.Debug|Any CPU.Build.0 = Debug|Any CPU
		{91D0BD0B-D721-459B-852C-FD9BDCE419E1}.Release|Any CPU.ActiveCfg = Release|Any CPU
		{91D0BD0B-D721-459B-852C-FD9BDCE419E1}.Release|Any CPU.Build.0 = Release|Any CPU
		{26747F50-0247-41DA-A795-AF3EE9D5864A}.Debug|Any CPU.ActiveCfg = Debug|Any CPU
		{26747F50-0247-41DA-A795-AF3EE9D5864A}.Debug|Any CPU.Build.0 = Debug|Any CPU
		{26747F50-0247-41DA-A795-AF3EE9D5864A}.Release|Any CPU.ActiveCfg = Release|Any CPU
		{26747F50-0247-41DA-A795-AF3EE9D5864A}.Release|Any CPU.Build.0 = Release|Any CPU
		{4EE439E7-5C55-4479-36B0-A699B6F1A215}.Debug|Any CPU.ActiveCfg = Debug|Any CPU
		{4EE439E7-5C55-4479-36B0-A699B6F1A215}.Debug|Any CPU.Build.0 = Debug|Any CPU
		{4EE439E7-5C55-4479-36B0-A699B6F1A215}.Release|Any CPU.ActiveCfg = Release|Any CPU
		{4EE439E7-5C55-4479-36B0-A699B6F1A215}.Release|Any CPU.Build.0 = Release|Any CPU
		{38281AC1-ABCA-43B5-9529-10A61F55E13E}.Debug|Any CPU.ActiveCfg = Debug|Any CPU
		{38281AC1-ABCA-43B5-9529-10A61F55E13E}.Debug|Any CPU.Build.0 = Debug|Any CPU
		{38281AC1-ABCA-43B5-9529-10A61F55E13E}.Release|Any CPU.ActiveCfg = Release|Any CPU
		{38281AC1-ABCA-43B5-9529-10A61F55E13E}.Release|Any CPU.Build.0 = Release|Any CPU
		{5D9ABD48-5FA8-0CE7-5B82-3A1C0E4E1C0A}.Debug|Any CPU.ActiveCfg = Debug|Any CPU
		{5D9ABD48-5FA8-0CE7-5B82-3A1C0E4E1C0A}.Debug|Any CPU.Build.0 = Debug|Any CPU
		{5D9ABD48-5FA8-0CE7-5B82-3A1C0E4E1C0A}.Release|Any CPU.ActiveCfg = Release|Any CPU
		{5D9ABD48-5FA8-0CE7-5B82-3A1C0E4E1C0A}.Release|Any CPU.Build.0 = Release|Any CPU
		{24EC6427-7084-8502-45BD-C2F0E5158FCF}.Debug|Any CPU.ActiveCfg = Debug|Any CPU
		{24EC6427-7084-8502-45BD-C2F0E5158FCF}.Debug|Any CPU.Build.0 = Debug|Any CPU
		{24EC6427-7084-8502-45BD-C2F0E5158FCF}.Release|Any CPU.ActiveCfg = Release|Any CPU
		{24EC6427-7084-8502-45BD-C2F0E5158FCF}.Release|Any CPU.Build.0 = Release|Any CPU
		{8398C54C-A61E-DB30-2891-52F533697FB9}.Debug|Any CPU.ActiveCfg = Debug|Any CPU
		{8398C54C-A61E-DB30-2891-52F533697FB9}.Debug|Any CPU.Build.0 = Debug|Any CPU
		{8398C54C-A61E-DB30-2891-52F533697FB9}.Release|Any CPU.ActiveCfg = Release|Any CPU
		{8398C54C-A61E-DB30-2891-52F533697FB9}.Release|Any CPU.Build.0 = Release|Any CPU
		{113C1324-6691-4689-8D1A-947F5AFC41AE}.Debug|Any CPU.ActiveCfg = Debug|Any CPU
		{113C1324-6691-4689-8D1A-947F5AFC41AE}.Debug|Any CPU.Build.0 = Debug|Any CPU
		{113C1324-6691-4689-8D1A-947F5AFC41AE}.Release|Any CPU.ActiveCfg = Release|Any CPU
		{113C1324-6691-4689-8D1A-947F5AFC41AE}.Release|Any CPU.Build.0 = Release|Any CPU
		{BD7B98A9-A5B8-F409-C19A-AD3581EF311E}.Debug|Any CPU.ActiveCfg = Debug|Any CPU
		{BD7B98A9-A5B8-F409-C19A-AD3581EF311E}.Debug|Any CPU.Build.0 = Debug|Any CPU
		{BD7B98A9-A5B8-F409-C19A-AD3581EF311E}.Release|Any CPU.ActiveCfg = Release|Any CPU
		{BD7B98A9-A5B8-F409-C19A-AD3581EF311E}.Release|Any CPU.Build.0 = Release|Any CPU
		{712727C6-373A-6678-3B25-20C8AFC9DEAC}.Debug|Any CPU.ActiveCfg = Debug|Any CPU
		{712727C6-373A-6678-3B25-20C8AFC9DEAC}.Debug|Any CPU.Build.0 = Debug|Any CPU
		{712727C6-373A-6678-3B25-20C8AFC9DEAC}.Release|Any CPU.ActiveCfg = Release|Any CPU
		{712727C6-373A-6678-3B25-20C8AFC9DEAC}.Release|Any CPU.Build.0 = Release|Any CPU
		{A2C611D5-626F-F400-79E9-9DEA32C430F9}.Debug|Any CPU.ActiveCfg = Debug|Any CPU
		{A2C611D5-626F-F400-79E9-9DEA32C430F9}.Debug|Any CPU.Build.0 = Debug|Any CPU
		{A2C611D5-626F-F400-79E9-9DEA32C430F9}.Release|Any CPU.ActiveCfg = Release|Any CPU
		{A2C611D5-626F-F400-79E9-9DEA32C430F9}.Release|Any CPU.Build.0 = Release|Any CPU
		{ACE60021-7804-4EA7-BE46-91C4CE491F9D}.Debug|Any CPU.ActiveCfg = Debug|Any CPU
		{ACE60021-7804-4EA7-BE46-91C4CE491F9D}.Debug|Any CPU.Build.0 = Debug|Any CPU
		{ACE60021-7804-4EA7-BE46-91C4CE491F9D}.Release|Any CPU.ActiveCfg = Release|Any CPU
		{ACE60021-7804-4EA7-BE46-91C4CE491F9D}.Release|Any CPU.Build.0 = Release|Any CPU
		{864872AF-967A-444B-BA44-FB15F9962E73}.Debug|Any CPU.ActiveCfg = Debug|Any CPU
		{864872AF-967A-444B-BA44-FB15F9962E73}.Debug|Any CPU.Build.0 = Debug|Any CPU
		{864872AF-967A-444B-BA44-FB15F9962E73}.Release|Any CPU.ActiveCfg = Release|Any CPU
		{864872AF-967A-444B-BA44-FB15F9962E73}.Release|Any CPU.Build.0 = Release|Any CPU
		{46F4CC6B-836F-68FF-A0D1-7F5DC2838876}.Debug|Any CPU.ActiveCfg = Debug|Any CPU
		{46F4CC6B-836F-68FF-A0D1-7F5DC2838876}.Debug|Any CPU.Build.0 = Debug|Any CPU
		{46F4CC6B-836F-68FF-A0D1-7F5DC2838876}.Release|Any CPU.ActiveCfg = Release|Any CPU
		{46F4CC6B-836F-68FF-A0D1-7F5DC2838876}.Release|Any CPU.Build.0 = Release|Any CPU
		{11CBD9A1-55EE-4B84-A8A2-AF7E3AE675CF}.Debug|Any CPU.ActiveCfg = Debug|Any CPU
		{11CBD9A1-55EE-4B84-A8A2-AF7E3AE675CF}.Debug|Any CPU.Build.0 = Debug|Any CPU
		{11CBD9A1-55EE-4B84-A8A2-AF7E3AE675CF}.Release|Any CPU.ActiveCfg = Release|Any CPU
		{11CBD9A1-55EE-4B84-A8A2-AF7E3AE675CF}.Release|Any CPU.Build.0 = Release|Any CPU
		{DF98EDD4-B597-41D8-A4D6-16658D2B66CC}.Debug|Any CPU.ActiveCfg = Debug|Any CPU
		{DF98EDD4-B597-41D8-A4D6-16658D2B66CC}.Debug|Any CPU.Build.0 = Debug|Any CPU
		{DF98EDD4-B597-41D8-A4D6-16658D2B66CC}.Release|Any CPU.ActiveCfg = Release|Any CPU
		{DF98EDD4-B597-41D8-A4D6-16658D2B66CC}.Release|Any CPU.Build.0 = Release|Any CPU
		{5263E201-941C-48F5-985D-702526A9242A}.Debug|Any CPU.ActiveCfg = Debug|Any CPU
		{5263E201-941C-48F5-985D-702526A9242A}.Debug|Any CPU.Build.0 = Debug|Any CPU
		{5263E201-941C-48F5-985D-702526A9242A}.Release|Any CPU.ActiveCfg = Release|Any CPU
		{5263E201-941C-48F5-985D-702526A9242A}.Release|Any CPU.Build.0 = Release|Any CPU
		{EBEB5120-3E95-4B4F-9677-40FFC190A373}.Debug|Any CPU.ActiveCfg = Debug|Any CPU
		{EBEB5120-3E95-4B4F-9677-40FFC190A373}.Debug|Any CPU.Build.0 = Debug|Any CPU
		{EBEB5120-3E95-4B4F-9677-40FFC190A373}.Release|Any CPU.ActiveCfg = Release|Any CPU
		{EBEB5120-3E95-4B4F-9677-40FFC190A373}.Release|Any CPU.Build.0 = Release|Any CPU
		{A4E94157-B1EF-4DE4-927A-5A76E96C706E}.Debug|Any CPU.ActiveCfg = Debug|Any CPU
		{A4E94157-B1EF-4DE4-927A-5A76E96C706E}.Debug|Any CPU.Build.0 = Debug|Any CPU
		{A4E94157-B1EF-4DE4-927A-5A76E96C706E}.Release|Any CPU.ActiveCfg = Release|Any CPU
		{A4E94157-B1EF-4DE4-927A-5A76E96C706E}.Release|Any CPU.Build.0 = Release|Any CPU
		{A58E8698-E1BE-37A5-7F6A-DE634FA921F6}.Debug|Any CPU.ActiveCfg = Debug|Any CPU
		{A58E8698-E1BE-37A5-7F6A-DE634FA921F6}.Debug|Any CPU.Build.0 = Debug|Any CPU
		{A58E8698-E1BE-37A5-7F6A-DE634FA921F6}.Release|Any CPU.ActiveCfg = Release|Any CPU
		{A58E8698-E1BE-37A5-7F6A-DE634FA921F6}.Release|Any CPU.Build.0 = Release|Any CPU
		{007BFDB4-8302-452D-B9F3-58CD9D1D5BF0}.Debug|Any CPU.ActiveCfg = Debug|Any CPU
		{007BFDB4-8302-452D-B9F3-58CD9D1D5BF0}.Debug|Any CPU.Build.0 = Debug|Any CPU
		{007BFDB4-8302-452D-B9F3-58CD9D1D5BF0}.Release|Any CPU.ActiveCfg = Release|Any CPU
		{007BFDB4-8302-452D-B9F3-58CD9D1D5BF0}.Release|Any CPU.Build.0 = Release|Any CPU
		{032D0D8D-C984-43FA-99E3-1150B6F11E9B}.Debug|Any CPU.ActiveCfg = Debug|Any CPU
		{032D0D8D-C984-43FA-99E3-1150B6F11E9B}.Debug|Any CPU.Build.0 = Debug|Any CPU
		{032D0D8D-C984-43FA-99E3-1150B6F11E9B}.Release|Any CPU.ActiveCfg = Release|Any CPU
		{032D0D8D-C984-43FA-99E3-1150B6F11E9B}.Release|Any CPU.Build.0 = Release|Any CPU
	EndGlobalSection
	GlobalSection(SolutionProperties) = preSolution
		HideSolutionNode = FALSE
	EndGlobalSection
	GlobalSection(NestedProjects) = preSolution
		{91D0BD0B-D721-459B-852C-FD9BDCE419E1} = {F9804709-4F1A-4666-A5F8-FE762AFAFA81}
		{26747F50-0247-41DA-A795-AF3EE9D5864A} = {A4538C4A-5DF3-4B30-B1A8-1AE424B81A0D}
		{FCA762AF-9535-4BFF-B0F2-A0A1F5A3C76F} = {7F61A0FA-A587-461E-8628-DE342A9B8F57}
		{4EE439E7-5C55-4479-36B0-A699B6F1A215} = {FCA762AF-9535-4BFF-B0F2-A0A1F5A3C76F}
		{38281AC1-ABCA-43B5-9529-10A61F55E13E} = {7F61A0FA-A587-461E-8628-DE342A9B8F57}
		{5D9ABD48-5FA8-0CE7-5B82-3A1C0E4E1C0A} = {43DEF0D9-7BB2-4B14-901D-8420EB987CDB}
		{F1459744-52F8-4C48-9C54-A26AF724FF04} = {02EA681E-C7D8-13C7-8484-4AC65E1B71E8}
		{24EC6427-7084-8502-45BD-C2F0E5158FCF} = {F9804709-4F1A-4666-A5F8-FE762AFAFA81}
		{8398C54C-A61E-DB30-2891-52F533697FB9} = {274F06C6-1FCE-4140-A78E-8AD987AFD639}
		{113C1324-6691-4689-8D1A-947F5AFC41AE} = {FCA762AF-9535-4BFF-B0F2-A0A1F5A3C76F}
		{BD7B98A9-A5B8-F409-C19A-AD3581EF311E} = {43DEF0D9-7BB2-4B14-901D-8420EB987CDB}
		{712727C6-373A-6678-3B25-20C8AFC9DEAC} = {A4538C4A-5DF3-4B30-B1A8-1AE424B81A0D}
		{A2C611D5-626F-F400-79E9-9DEA32C430F9} = {FCA762AF-9535-4BFF-B0F2-A0A1F5A3C76F}
		{274F06C6-1FCE-4140-A78E-8AD987AFD639} = {F9804709-4F1A-4666-A5F8-FE762AFAFA81}
		{A4538C4A-5DF3-4B30-B1A8-1AE424B81A0D} = {F9804709-4F1A-4666-A5F8-FE762AFAFA81}
		{ACE60021-7804-4EA7-BE46-91C4CE491F9D} = {274F06C6-1FCE-4140-A78E-8AD987AFD639}
		{864872AF-967A-444B-BA44-FB15F9962E73} = {FCA762AF-9535-4BFF-B0F2-A0A1F5A3C76F}
		{46F4CC6B-836F-68FF-A0D1-7F5DC2838876} = {F9804709-4F1A-4666-A5F8-FE762AFAFA81}
		{11CBD9A1-55EE-4B84-A8A2-AF7E3AE675CF} = {F9804709-4F1A-4666-A5F8-FE762AFAFA81}
		{DF98EDD4-B597-41D8-A4D6-16658D2B66CC} = {FCA762AF-9535-4BFF-B0F2-A0A1F5A3C76F}
		{5263E201-941C-48F5-985D-702526A9242A} = {F9804709-4F1A-4666-A5F8-FE762AFAFA81}
		{EBEB5120-3E95-4B4F-9677-40FFC190A373} = {FCA762AF-9535-4BFF-B0F2-A0A1F5A3C76F}
		{A4E94157-B1EF-4DE4-927A-5A76E96C706E} = {47544605-0131-4F0F-ACDE-846F025EFF16}
		{A58E8698-E1BE-37A5-7F6A-DE634FA921F6} = {47544605-0131-4F0F-ACDE-846F025EFF16}
		{47544605-0131-4F0F-ACDE-846F025EFF16} = {F9804709-4F1A-4666-A5F8-FE762AFAFA81}
		{007BFDB4-8302-452D-B9F3-58CD9D1D5BF0} = {A4538C4A-5DF3-4B30-B1A8-1AE424B81A0D}
		{032D0D8D-C984-43FA-99E3-1150B6F11E9B} = {A4538C4A-5DF3-4B30-B1A8-1AE424B81A0D}
	EndGlobalSection
	GlobalSection(ExtensibilityGlobals) = postSolution
		SolutionGuid = {EEF3F48B-173E-4436-9539-B95BA6E6C5EA}
	EndGlobalSection
EndGlobal
